
Microsoft Visual Studio Solution File, Format Version 12.00
# Visual Studio Version 16
VisualStudioVersion = 25.0.1700.6
MinimumVisualStudioVersion = 10.0.40219.1
Project("{FAE04EC0-301F-11D3-BF4B-00C04F79EFBC}") = "LegacyApp", "LegacyApp\LegacyApp.csproj", "{1ACA0089-DA52-4EB5-A66B-43F5A5FBD75C}"
EndProject
Global
	GlobalSection(SolutionConfigurationPlatforms) = preSolution
		Debug|Any CPU = Debug|Any CPU
		Release|Any CPU = Release|Any CPU
	EndGlobalSection
	GlobalSection(ProjectConfigurationPlatforms) = postSolution
		{1ACA0089-DA52-4EB5-A66B-43F5A5FBD75C}.Debug|Any CPU.ActiveCfg = Debug|Any CPU
		{1ACA0089-DA52-4EB5-A66B-43F5A5FBD75C}.Debug|Any CPU.Build.0 = Debug|Any CPU
		{1ACA0089-DA52-4EB5-A66B-43F5A5FBD75C}.Release|Any CPU.ActiveCfg = Release|Any CPU
		{1ACA0089-DA52-4EB5-A66B-43F5A5FBD75C}.Release|Any CPU.Build.0 = Release|Any CPU
	EndGlobalSection
	GlobalSection(SolutionProperties) = preSolution
		HideSolutionNode = FALSE
	EndGlobalSection
	GlobalSection(ExtensibilityGlobals) = postSolution
		SolutionGuid = {7BF189B9-ACF9-4730-BBC0-242BE04BADD7}
	EndGlobalSection
EndGlobal
